
Microsoft Visual Studio Solution File, Format Version 12.00
# Visual Studio Version 17
VisualStudioVersion = 17.0.32002.185
MinimumVisualStudioVersion = 10.0.40219.1
Project("{FAE04EC0-301F-11D3-BF4B-00C04F79EFBC}") = "Lab4", "Lab4\Lab4.csproj", "{CE958087-8513-407D-B701-073E6A3AC1B1}"
EndProject
Global
	GlobalSection(SolutionConfigurationPlatforms) = preSolution
		Debug|Any CPU = Debug|Any CPU
		Release|Any CPU = Release|Any CPU
	EndGlobalSection
	GlobalSection(ProjectConfigurationPlatforms) = postSolution
		{CE958087-8513-407D-B701-073E6A3AC1B1}.Debug|Any CPU.ActiveCfg = Debug|Any CPU
		{CE958087-8513-407D-B701-073E6A3AC1B1}.Debug|Any CPU.Build.0 = Debug|Any CPU
		{CE958087-8513-407D-B701-073E6A3AC1B1}.Release|Any CPU.ActiveCfg = Release|Any CPU
		{CE958087-8513-407D-B701-073E6A3AC1B1}.Release|Any CPU.Build.0 = Release|Any CPU
	EndGlobalSection
	GlobalSection(SolutionProperties) = preSolution
		HideSolutionNode = FALSE
	EndGlobalSection
	GlobalSection(ExtensibilityGlobals) = postSolution
		SolutionGuid = {26A01831-C931-4949-B281-BC2DC60DF6B2}
	EndGlobalSection
EndGlobal
